
Microsoft Visual Studio Solution File, Format Version 12.00
# Visual Studio Version 16
VisualStudioVersion = 16.0.29728.190
MinimumVisualStudioVersion = 10.0.40219.1
Project("{FAE04EC0-301F-11D3-BF4B-00C04F79EFBC}") = "GestEstagiosLibrary", "GestEstagiosLibrary\GestEstagiosLibrary.csproj", "{57ACAD4A-912C-45D6-9BE7-559BF06EAB19}"
EndProject
Global
	GlobalSection(SolutionConfigurationPlatforms) = preSolution
		Debug|Any CPU = Debug|Any CPU
		Release|Any CPU = Release|Any CPU
	EndGlobalSection
	GlobalSection(ProjectConfigurationPlatforms) = postSolution
		{57ACAD4A-912C-45D6-9BE7-559BF06EAB19}.Debug|Any CPU.ActiveCfg = Debug|Any CPU
		{57ACAD4A-912C-45D6-9BE7-559BF06EAB19}.Debug|Any CPU.Build.0 = Debug|Any CPU
		{57ACAD4A-912C-45D6-9BE7-559BF06EAB19}.Release|Any CPU.ActiveCfg = Release|Any CPU
		{57ACAD4A-912C-45D6-9BE7-559BF06EAB19}.Release|Any CPU.Build.0 = Release|Any CPU
	EndGlobalSection
	GlobalSection(SolutionProperties) = preSolution
		HideSolutionNode = FALSE
	EndGlobalSection
	GlobalSection(ExtensibilityGlobals) = postSolution
		SolutionGuid = {09D52544-826E-468D-920E-535DCBFA71F1}
	EndGlobalSection
EndGlobal
